
Microsoft Visual Studio Solution File, Format Version 12.00
# Visual Studio Version 16
VisualStudioVersion = 16.0.29409.12
MinimumVisualStudioVersion = 10.0.40219.1
Project("{FAE04EC0-301F-11D3-BF4B-00C04F79EFBC}") = "TheAdventuresBatdanAndRoben", "ConsoleApp1\TheAdventuresBatdanAndRoben.csproj", "{6EE94297-A6F4-4D63-BA51-8CBF32F7D14B}"
EndProject
Global
	GlobalSection(SolutionConfigurationPlatforms) = preSolution
		Debug|Any CPU = Debug|Any CPU
		Release|Any CPU = Release|Any CPU
	EndGlobalSection
	GlobalSection(ProjectConfigurationPlatforms) = postSolution
		{6EE94297-A6F4-4D63-BA51-8CBF32F7D14B}.Debug|Any CPU.ActiveCfg = Debug|Any CPU
		{6EE94297-A6F4-4D63-BA51-8CBF32F7D14B}.Debug|Any CPU.Build.0 = Debug|Any CPU
		{6EE94297-A6F4-4D63-BA51-8CBF32F7D14B}.Release|Any CPU.ActiveCfg = Release|Any CPU
		{6EE94297-A6F4-4D63-BA51-8CBF32F7D14B}.Release|Any CPU.Build.0 = Release|Any CPU
	EndGlobalSection
	GlobalSection(SolutionProperties) = preSolution
		HideSolutionNode = FALSE
	EndGlobalSection
	GlobalSection(ExtensibilityGlobals) = postSolution
		SolutionGuid = {AADADE60-2162-4FF4-8D8B-EB8758B9E572}
	EndGlobalSection
EndGlobal
